
Microsoft Visual Studio Solution File, Format Version 12.00
# Visual Studio Version 17
VisualStudioVersion = 17.10.35122.118
MinimumVisualStudioVersion = 10.0.40219.1
Project("{9A19103F-16F7-4668-BE54-9A1E7A4F7556}") = "01,02,03.Person", "ConsoleApp1\01,02,03.Person.csproj", "{54A2C690-F951-4553-ADB7-AD1A1EBA2E6C}"
EndProject
Project("{9A19103F-16F7-4668-BE54-9A1E7A4F7556}") = "04.Company", "02.CreatingConstructor\04.Company.csproj", "{CD157EF1-579C-4BB0-8AB1-5ADD47D7BC65}"
EndProject
Project("{FAE04EC0-301F-11D3-BF4B-00C04F79EFBC}") = "05.Race", "05.Race\05.Race.csproj", "{D0CC3C9D-9365-426E-9034-CDC17D07A1BE}"
EndProject
Project("{FAE04EC0-301F-11D3-BF4B-00C04F79EFBC}") = "06.SellingCars", "06.SellingCars\06.SellingCars.csproj", "{D9D4A2D4-F85B-48DD-8BD9-10DD27D1C02A}"
EndProject
Global
	GlobalSection(SolutionConfigurationPlatforms) = preSolution
		Debug|Any CPU = Debug|Any CPU
		Release|Any CPU = Release|Any CPU
	EndGlobalSection
	GlobalSection(ProjectConfigurationPlatforms) = postSolution
		{54A2C690-F951-4553-ADB7-AD1A1EBA2E6C}.Debug|Any CPU.ActiveCfg = Debug|Any CPU
		{54A2C690-F951-4553-ADB7-AD1A1EBA2E6C}.Debug|Any CPU.Build.0 = Debug|Any CPU
		{54A2C690-F951-4553-ADB7-AD1A1EBA2E6C}.Release|Any CPU.ActiveCfg = Release|Any CPU
		{54A2C690-F951-4553-ADB7-AD1A1EBA2E6C}.Release|Any CPU.Build.0 = Release|Any CPU
		{CD157EF1-579C-4BB0-8AB1-5ADD47D7BC65}.Debug|Any CPU.ActiveCfg = Debug|Any CPU
		{CD157EF1-579C-4BB0-8AB1-5ADD47D7BC65}.Debug|Any CPU.Build.0 = Debug|Any CPU
		{CD157EF1-579C-4BB0-8AB1-5ADD47D7BC65}.Release|Any CPU.ActiveCfg = Release|Any CPU
		{CD157EF1-579C-4BB0-8AB1-5ADD47D7BC65}.Release|Any CPU.Build.0 = Release|Any CPU
		{D0CC3C9D-9365-426E-9034-CDC17D07A1BE}.Debug|Any CPU.ActiveCfg = Debug|Any CPU
		{D0CC3C9D-9365-426E-9034-CDC17D07A1BE}.Debug|Any CPU.Build.0 = Debug|Any CPU
		{D0CC3C9D-9365-426E-9034-CDC17D07A1BE}.Release|Any CPU.ActiveCfg = Release|Any CPU
		{D0CC3C9D-9365-426E-9034-CDC17D07A1BE}.Release|Any CPU.Build.0 = Release|Any CPU
		{D9D4A2D4-F85B-48DD-8BD9-10DD27D1C02A}.Debug|Any CPU.ActiveCfg = Debug|Any CPU
		{D9D4A2D4-F85B-48DD-8BD9-10DD27D1C02A}.Debug|Any CPU.Build.0 = Debug|Any CPU
		{D9D4A2D4-F85B-48DD-8BD9-10DD27D1C02A}.Release|Any CPU.ActiveCfg = Release|Any CPU
		{D9D4A2D4-F85B-48DD-8BD9-10DD27D1C02A}.Release|Any CPU.Build.0 = Release|Any CPU
	EndGlobalSection
	GlobalSection(SolutionProperties) = preSolution
		HideSolutionNode = FALSE
	EndGlobalSection
	GlobalSection(ExtensibilityGlobals) = postSolution
		SolutionGuid = {C67474C8-06E0-44E6-84D1-1C8DBE238F99}
	EndGlobalSection
EndGlobal
